
Microsoft Visual Studio Solution File, Format Version 12.00
# Visual Studio 15
VisualStudioVersion = 15.0.28010.2041
MinimumVisualStudioVersion = 10.0.40219.1
Project("{FAE04EC0-301F-11D3-BF4B-00C04F79EFBC}") = "GameManage.Logic", "GameManage.Logic\GameManage.Logic.csproj", "{C10115B5-C4A7-452C-B46A-7234AC4DC48C}"
EndProject
Project("{9A19103F-16F7-4668-BE54-9A1E7A4F7556}") = "GameManagementTool", "GameManagementTool\GameManagementTool.csproj", "{CBFE37F3-34F6-4FF1-9DBE-62FB701D8FE8}"
EndProject
Project("{FAE04EC0-301F-11D3-BF4B-00C04F79EFBC}") = "GameManage.DAL", "GameManage.DAL\GameManage.DAL.csproj", "{B547DDFD-DDB6-46D5-AF61-337DE05474B7}"
EndProject
Project("{FAE04EC0-301F-11D3-BF4B-00C04F79EFBC}") = "GameManage.DAL.Interfaces", "GameManage.DAL.Interfaces\GameManage.DAL.Interfaces.csproj", "{C03E2B0F-A1DD-47A3-AC0D-F91F2D15E6BD}"
EndProject
Project("{FAE04EC0-301F-11D3-BF4B-00C04F79EFBC}") = "GameManage.DAL.Factory", "GameManage.DAL.Factory\GameManage.DAL.Factory.csproj", "{F213D11F-EFB9-4C43-8FE9-050A72F9CF4E}"
EndProject
Global
	GlobalSection(SolutionConfigurationPlatforms) = preSolution
		Debug|Any CPU = Debug|Any CPU
		Release|Any CPU = Release|Any CPU
	EndGlobalSection
	GlobalSection(ProjectConfigurationPlatforms) = postSolution
		{C10115B5-C4A7-452C-B46A-7234AC4DC48C}.Debug|Any CPU.ActiveCfg = Debug|Any CPU
		{C10115B5-C4A7-452C-B46A-7234AC4DC48C}.Debug|Any CPU.Build.0 = Debug|Any CPU
		{C10115B5-C4A7-452C-B46A-7234AC4DC48C}.Release|Any CPU.ActiveCfg = Release|Any CPU
		{C10115B5-C4A7-452C-B46A-7234AC4DC48C}.Release|Any CPU.Build.0 = Release|Any CPU
		{CBFE37F3-34F6-4FF1-9DBE-62FB701D8FE8}.Debug|Any CPU.ActiveCfg = Debug|Any CPU
		{CBFE37F3-34F6-4FF1-9DBE-62FB701D8FE8}.Debug|Any CPU.Build.0 = Debug|Any CPU
		{CBFE37F3-34F6-4FF1-9DBE-62FB701D8FE8}.Release|Any CPU.ActiveCfg = Release|Any CPU
		{CBFE37F3-34F6-4FF1-9DBE-62FB701D8FE8}.Release|Any CPU.Build.0 = Release|Any CPU
		{B547DDFD-DDB6-46D5-AF61-337DE05474B7}.Debug|Any CPU.ActiveCfg = Debug|Any CPU
		{B547DDFD-DDB6-46D5-AF61-337DE05474B7}.Debug|Any CPU.Build.0 = Debug|Any CPU
		{B547DDFD-DDB6-46D5-AF61-337DE05474B7}.Release|Any CPU.ActiveCfg = Release|Any CPU
		{B547DDFD-DDB6-46D5-AF61-337DE05474B7}.Release|Any CPU.Build.0 = Release|Any CPU
		{C03E2B0F-A1DD-47A3-AC0D-F91F2D15E6BD}.Debug|Any CPU.ActiveCfg = Debug|Any CPU
		{C03E2B0F-A1DD-47A3-AC0D-F91F2D15E6BD}.Debug|Any CPU.Build.0 = Debug|Any CPU
		{C03E2B0F-A1DD-47A3-AC0D-F91F2D15E6BD}.Release|Any CPU.ActiveCfg = Release|Any CPU
		{C03E2B0F-A1DD-47A3-AC0D-F91F2D15E6BD}.Release|Any CPU.Build.0 = Release|Any CPU
		{F213D11F-EFB9-4C43-8FE9-050A72F9CF4E}.Debug|Any CPU.ActiveCfg = Debug|Any CPU
		{F213D11F-EFB9-4C43-8FE9-050A72F9CF4E}.Debug|Any CPU.Build.0 = Debug|Any CPU
		{F213D11F-EFB9-4C43-8FE9-050A72F9CF4E}.Release|Any CPU.ActiveCfg = Release|Any CPU
		{F213D11F-EFB9-4C43-8FE9-050A72F9CF4E}.Release|Any CPU.Build.0 = Release|Any CPU
	EndGlobalSection
	GlobalSection(SolutionProperties) = preSolution
		HideSolutionNode = FALSE
	EndGlobalSection
	GlobalSection(ExtensibilityGlobals) = postSolution
		SolutionGuid = {A44B060A-E1B6-4E2C-B773-A85F16305B5E}
	EndGlobalSection
EndGlobal
